
Microsoft Visual Studio Solution File, Format Version 12.00
# Visual Studio Version 17
VisualStudioVersion = 17.5.33516.290
MinimumVisualStudioVersion = 10.0.40219.1
Project("{FAE04EC0-301F-11D3-BF4B-00C04F79EFBC}") = "ExeMetAbs", "ExeMetAbs\ExeMetAbs.csproj", "{D55D2EEF-A44C-440D-B9F0-249F9B2008A6}"
EndProject
Global
	GlobalSection(SolutionConfigurationPlatforms) = preSolution
		Debug|Any CPU = Debug|Any CPU
		Release|Any CPU = Release|Any CPU
	EndGlobalSection
	GlobalSection(ProjectConfigurationPlatforms) = postSolution
		{D55D2EEF-A44C-440D-B9F0-249F9B2008A6}.Debug|Any CPU.ActiveCfg = Debug|Any CPU
		{D55D2EEF-A44C-440D-B9F0-249F9B2008A6}.Debug|Any CPU.Build.0 = Debug|Any CPU
		{D55D2EEF-A44C-440D-B9F0-249F9B2008A6}.Release|Any CPU.ActiveCfg = Release|Any CPU
		{D55D2EEF-A44C-440D-B9F0-249F9B2008A6}.Release|Any CPU.Build.0 = Release|Any CPU
	EndGlobalSection
	GlobalSection(SolutionProperties) = preSolution
		HideSolutionNode = FALSE
	EndGlobalSection
	GlobalSection(ExtensibilityGlobals) = postSolution
		SolutionGuid = {FA81B79D-F7C0-4DA7-B7BE-CD20078EC63F}
	EndGlobalSection
EndGlobal
